// !$*UTF8*$!
{
	archiveVersion = 1;
	classes = {
	};
	objectVersion = 46;
	objects = {

/* Begin PBXBuildFile section */
		99595AC6194B5204009B8A0A /* Foundation.framework in Frameworks */ = {isa = PBXBuildFile; fileRef = 99595AC5194B5204009B8A0A /* Foundation.framework */; };
		99595AC8194B5204009B8A0A /* CoreGraphics.framework in Frameworks */ = {isa = PBXBuildFile; fileRef = 99595AC7194B5204009B8A0A /* CoreGraphics.framework */; };
		99595ACA194B5204009B8A0A /* UIKit.framework in Frameworks */ = {isa = PBXBuildFile; fileRef = 99595AC9194B5204009B8A0A /* UIKit.framework */; };
		99595AD0194B5204009B8A0A /* InfoPlist.strings in Resources */ = {isa = PBXBuildFile; fileRef = 99595ACE194B5204009B8A0A /* InfoPlist.strings */; };
		99595AD2194B5204009B8A0A /* main.m in Sources */ = {isa = PBXBuildFile; fileRef = 99595AD1194B5204009B8A0A /* main.m */; };
		99595AD6194B5204009B8A0A /* UBA_TechAppDelegate.m in Sources */ = {isa = PBXBuildFile; fileRef = 99595AD5194B5204009B8A0A /* UBA_TechAppDelegate.m */; };
		99595AD9194B5204009B8A0A /* Main.storyboard in Resources */ = {isa = PBXBuildFile; fileRef = 99595AD7194B5204009B8A0A /* Main.storyboard */; };
		99595ADE194B5204009B8A0A /* Images.xcassets in Resources */ = {isa = PBXBuildFile; fileRef = 99595ADD194B5204009B8A0A /* Images.xcassets */; };
		99595AE5194B5204009B8A0A /* XCTest.framework in Frameworks */ = {isa = PBXBuildFile; fileRef = 99595AE4194B5204009B8A0A /* XCTest.framework */; };
		99595AE6194B5204009B8A0A /* Foundation.framework in Frameworks */ = {isa = PBXBuildFile; fileRef = 99595AC5194B5204009B8A0A /* Foundation.framework */; };
		99595AE7194B5204009B8A0A /* UIKit.framework in Frameworks */ = {isa = PBXBuildFile; fileRef = 99595AC9194B5204009B8A0A /* UIKit.framework */; };
		99595AEF194B5204009B8A0A /* InfoPlist.strings in Resources */ = {isa = PBXBuildFile; fileRef = 99595AED194B5204009B8A0A /* InfoPlist.strings */; };
		99595AF1194B5204009B8A0A /* UITableViewController_Challenge_SolutionTests.m in Sources */ = {isa = PBXBuildFile; fileRef = 99595AF0194B5204009B8A0A /* UITableViewController_Challenge_SolutionTests.m */; };
		99595AFC194B568D009B8A0A /* UBA_TechTableViewController.m in Sources */ = {isa = PBXBuildFile; fileRef = 99595AFB194B568D009B8A0A /* UBA_TechTableViewController.m */; };
/* End PBXBuildFile section */

/* Begin PBXContainerItemProxy section */
		99595AE8194B5204009B8A0A /* PBXContainerItemProxy */ = {
			isa = PBXContainerItemProxy;
			containerPortal = 99595ABA194B5204009B8A0A /* Project object */;
			proxyType = 1;
			remoteGlobalIDString = 99595AC1194B5204009B8A0A;
			remoteInfo = "UITableViewController Challenge Solution";
		};
/* End PBXContainerItemProxy section */

/* Begin PBXFileReference section */
		99595AC2194B5204009B8A0A /* UITableViewController Challenge Solution.app */ = {isa = PBXFileReference; explicitFileType = wrapper.application; includeInIndex = 0; path = "UITableViewController Challenge Solution.app"; sourceTree = BUILT_PRODUCTS_DIR; };
		99595AC5194B5204009B8A0A /* Foundation.framework */ = {isa = PBXFileReference; lastKnownFileType = wrapper.framework; name = Foundation.framework; path = System/Library/Frameworks/Foundation.framework; sourceTree = SDKROOT; };
		99595AC7194B5204009B8A0A /* CoreGraphics.framework */ = {isa = PBXFileReference; lastKnownFileType = wrapper.framework; name = CoreGraphics.framework; path = System/Library/Frameworks/CoreGraphics.framework; sourceTree = SDKROOT; };
		99595AC9194B5204009B8A0A /* UIKit.framework */ = {isa = PBXFileReference; lastKnownFileType = wrapper.framework; name = UIKit.framework; path = System/Library/Frameworks/UIKit.framework; sourceTree = SDKROOT; };
		99595ACD194B5204009B8A0A /* UITableViewController Challenge Solution-Info.plist */ = {isa = PBXFileReference; lastKnownFileType = text.plist.xml; path = "UITableViewController Challenge Solution-Info.plist"; sourceTree = "<group>"; };
		99595ACF194B5204009B8A0A /* en */ = {isa = PBXFileReference; lastKnownFileType = text.plist.strings; name = en; path = en.lproj/InfoPlist.strings; sourceTree = "<group>"; };
		99595AD1194B5204009B8A0A /* main.m */ = {isa = PBXFileReference; lastKnownFileType = sourcecode.c.objc; path = main.m; sourceTree = "<group>"; };
		99595AD3194B5204009B8A0A /* UITableViewController Challenge Solution-Prefix.pch */ = {isa = PBXFileReference; lastKnownFileType = sourcecode.c.h; path = "UITableViewController Challenge Solution-Prefix.pch"; sourceTree = "<group>"; };
		99595AD4194B5204009B8A0A /* UBA_TechAppDelegate.h */ = {isa = PBXFileReference; lastKnownFileType = sourcecode.c.h; path = UBA_TechAppDelegate.h; sourceTree = "<group>"; };
		99595AD5194B5204009B8A0A /* UBA_TechAppDelegate.m */ = {isa = PBXFileReference; lastKnownFileType = sourcecode.c.objc; path = UBA_TechAppDelegate.m; sourceTree = "<group>"; };
		99595AD8194B5204009B8A0A /* Base */ = {isa = PBXFileReference; lastKnownFileType = file.storyboard; name = Base; path = Base.lproj/Main.storyboard; sourceTree = "<group>"; };
		99595ADD194B5204009B8A0A /* Images.xcassets */ = {isa = PBXFileReference; lastKnownFileType = folder.assetcatalog; path = Images.xcassets; sourceTree = "<group>"; };
		99595AE3194B5204009B8A0A /* UITableViewController Challenge SolutionTests.xctest */ = {isa = PBXFileReference; explicitFileType = wrapper.cfbundle; includeInIndex = 0; path = "UITableViewController Challenge SolutionTests.xctest"; sourceTree = BUILT_PRODUCTS_DIR; };
		99595AE4194B5204009B8A0A /* XCTest.framework */ = {isa = PBXFileReference; lastKnownFileType = wrapper.framework; name = XCTest.framework; path = Library/Frameworks/XCTest.framework; sourceTree = DEVELOPER_DIR; };
		99595AEC194B5204009B8A0A /* UITableViewController Challenge SolutionTests-Info.plist */ = {isa = PBXFileReference; lastKnownFileType = text.plist.xml; path = "UITableViewController Challenge SolutionTests-Info.plist"; sourceTree = "<group>"; };
		99595AEE194B5204009B8A0A /* en */ = {isa = PBXFileReference; lastKnownFileType = text.plist.strings; name = en; path = en.lproj/InfoPlist.strings; sourceTree = "<group>"; };
		99595AF0194B5204009B8A0A /* UITableViewController_Challenge_SolutionTests.m */ = {isa = PBXFileReference; lastKnownFileType = sourcecode.c.objc; path = UITableViewController_Challenge_SolutionTests.m; sourceTree = "<group>"; };
		99595AFA194B568D009B8A0A /* UBA_TechTableViewController.h */ = {isa = PBXFileReference; fileEncoding = 4; lastKnownFileType = sourcecode.c.h; path = UBA_TechTableViewController.h; sourceTree = "<group>"; };
		99595AFB194B568D009B8A0A /* UBA_TechTableViewController.m */ = {isa = PBXFileReference; fileEncoding = 4; lastKnownFileType = sourcecode.c.objc; path = UBA_TechTableViewController.m; sourceTree = "<group>"; };
/* End PBXFileReference section */

/* Begin PBXFrameworksBuildPhase section */
		99595ABF194B5204009B8A0A /* Frameworks */ = {
			isa = PBXFrameworksBuildPhase;
			buildActionMask = 2147483647;
			files = (
				99595AC8194B5204009B8A0A /* CoreGraphics.framework in Frameworks */,
				99595ACA194B5204009B8A0A /* UIKit.framework in Frameworks */,
				99595AC6194B5204009B8A0A /* Foundation.framework in Frameworks */,
			);
			runOnlyForDeploymentPostprocessing = 0;
		};
		99595AE0194B5204009B8A0A /* Frameworks */ = {
			isa = PBXFrameworksBuildPhase;
			buildActionMask = 2147483647;
			files = (
				99595AE5194B5204009B8A0A /* XCTest.framework in Frameworks */,
				99595AE7194B5204009B8A0A /* UIKit.framework in Frameworks */,
				99595AE6194B5204009B8A0A /* Foundation.framework in Frameworks */,
			);
			runOnlyForDeploymentPostprocessing = 0;
		};
/* End PBXFrameworksBuildPhase section */

/* Begin PBXGroup section */
		99595AB9194B5204009B8A0A = {
			isa = PBXGroup;
			children = (
				99595ACB194B5204009B8A0A /* UITableViewController Challenge Solution */,
				99595AEA194B5204009B8A0A /* UITableViewController Challenge SolutionTests */,
				99595AC4194B5204009B8A0A /* Frameworks */,
				99595AC3194B5204009B8A0A /* Products */,
			);
			sourceTree = "<group>";
		};
		99595AC3194B5204009B8A0A /* Products */ = {
			isa = PBXGroup;
			children = (
				99595AC2194B5204009B8A0A /* UITableViewController Challenge Solution.app */,
				99595AE3194B5204009B8A0A /* UITableViewController Challenge SolutionTests.xctest */,
			);
			name = Products;
			sourceTree = "<group>";
		};
		99595AC4194B5204009B8A0A /* Frameworks */ = {
			isa = PBXGroup;
			children = (
				99595AC5194B5204009B8A0A /* Foundation.framework */,
				99595AC7194B5204009B8A0A /* CoreGraphics.framework */,
				99595AC9194B5204009B8A0A /* UIKit.framework */,
				99595AE4194B5204009B8A0A /* XCTest.framework */,
			);
			name = Frameworks;
			sourceTree = "<group>";
		};
		99595ACB194B5204009B8A0A /* UITableViewController Challenge Solution */ = {
			isa = PBXGroup;
			children = (
				99595AD4194B5204009B8A0A /* UBA_TechAppDelegate.h */,
				99595AD5194B5204009B8A0A /* UBA_TechAppDelegate.m */,
				99595AD7194B5204009B8A0A /* Main.storyboard */,
				99595AFA194B568D009B8A0A /* UBA_TechTableViewController.h */,
				99595AFB194B568D009B8A0A /* UBA_TechTableViewController.m */,
				99595ADD194B5204009B8A0A /* Images.xcassets */,
				99595ACC194B5204009B8A0A /* Supporting Files */,
			);
			path = "UITableViewController Challenge Solution";
			sourceTree = "<group>";
		};
		99595ACC194B5204009B8A0A /* Supporting Files */ = {
			isa = PBXGroup;
			children = (
				99595ACD194B5204009B8A0A /* UITableViewController Challenge Solution-Info.plist */,
				99595ACE194B5204009B8A0A /* InfoPlist.strings */,
				99595AD1194B5204009B8A0A /* main.m */,
				99595AD3194B5204009B8A0A /* UITableViewController Challenge Solution-Prefix.pch */,
			);
			name = "Supporting Files";
			sourceTree = "<group>";
		};
		99595AEA194B5204009B8A0A /* UITableViewController Challenge SolutionTests */ = {
			isa = PBXGroup;
			children = (
				99595AF0194B5204009B8A0A /* UITableViewController_Challenge_SolutionTests.m */,
				99595AEB194B5204009B8A0A /* Supporting Files */,
			);
			path = "UITableViewController Challenge SolutionTests";
			sourceTree = "<group>";
		};
		99595AEB194B5204009B8A0A /* Supporting Files */ = {
			isa = PBXGroup;
			children = (
				99595AEC194B5204009B8A0A /* UITableViewController Challenge SolutionTests-Info.plist */,
				99595AED194B5204009B8A0A /* InfoPlist.strings */,
			);
			name = "Supporting Files";
			sourceTree = "<group>";
		};
/* End PBXGroup section */

/* Begin PBXNativeTarget section */
		99595AC1194B5204009B8A0A /* UITableViewController Challenge Solution */ = {
			isa = PBXNativeTarget;
			buildConfigurationList = 99595AF4194B5204009B8A0A /* Build configuration list for PBXNativeTarget "UITableViewController Challenge Solution" */;
			buildPhases = (
				99595ABE194B5204009B8A0A /* Sources */,
				99595ABF194B5204009B8A0A /* Frameworks */,
				99595AC0194B5204009B8A0A /* Resources */,
			);
			buildRules = (
			);
			dependencies = (
			);
			name = "UITableViewController Challenge Solution";
			productName = "UITableViewController Challenge Solution";
			productReference = 99595AC2194B5204009B8A0A /* UITableViewController Challenge Solution.app */;
			productType = "com.apple.product-type.application";
		};
		99595AE2194B5204009B8A0A /* UITableViewController Challenge SolutionTests */ = {
			isa = PBXNativeTarget;
			buildConfigurationList = 99595AF7194B5204009B8A0A /* Build configuration list for PBXNativeTarget "UITableViewController Challenge SolutionTests" */;
			buildPhases = (
				99595ADF194B5204009B8A0A /* Sources */,
				99595AE0194B5204009B8A0A /* Frameworks */,
				99595AE1194B5204009B8A0A /* Resources */,
			);
			buildRules = (
			);
			dependencies = (
				99595AE9194B5204009B8A0A /* PBXTargetDependency */,
			);
			name = "UITableViewController Challenge SolutionTests";
			productName = "UITableViewController Challenge SolutionTests";
			productReference = 99595AE3194B5204009B8A0A /* UITableViewController Challenge SolutionTests.xctest */;
			productType = "com.apple.product-type.bundle.unit-test";
		};
/* End PBXNativeTarget section */

/* Begin PBXProject section */
		99595ABA194B5204009B8A0A /* Project object */ = {
			isa = PBXProject;
			attributes = {
				CLASSPREFIX = UBA_Tech;
				LastUpgradeCheck = 0510;
				ORGANIZATIONNAME = "UBA Tech";
				TargetAttributes = {
					99595AE2194B5204009B8A0A = {
						TestTargetID = 99595AC1194B5204009B8A0A;
					};
				};
			};
			buildConfigurationList = 99595ABD194B5204009B8A0A /* Build configuration list for PBXProject "UITableViewController Challenge Solution" */;
			compatibilityVersion = "Xcode 3.2";
			developmentRegion = English;
			hasScannedForEncodings = 0;
			knownRegions = (
				en,
				Base,
			);
			mainGroup = 99595AB9194B5204009B8A0A;
			productRefGroup = 99595AC3194B5204009B8A0A /* Products */;
			projectDirPath = "";
			projectRoot = "";
			targets = (
				99595AC1194B5204009B8A0A /* UITableViewController Challenge Solution */,
				99595AE2194B5204009B8A0A /* UITableViewController Challenge SolutionTests */,
			);
		};
/* End PBXProject section */

/* Begin PBXResourcesBuildPhase section */
		99595AC0194B5204009B8A0A /* Resources */ = {
			isa = PBXResourcesBuildPhase;
			buildActionMask = 2147483647;
			files = (
				99595ADE194B5204009B8A0A /* Images.xcassets in Resources */,
				99595AD0194B5204009B8A0A /* InfoPlist.strings in Resources */,
				99595AD9194B5204009B8A0A /* Main.storyboard in Resources */,
			);
			runOnlyForDeploymentPostprocessing = 0;
		};
		99595AE1194B5204009B8A0A /* Resources */ = {
			isa = PBXResourcesBuildPhase;
			buildActionMask = 2147483647;
			files = (
				99595AEF194B5204009B8A0A /* InfoPlist.strings in Resources */,
			);
			runOnlyForDeploymentPostprocessing = 0;
		};
/* End PBXResourcesBuildPhase section */

/* Begin PBXSourcesBuildPhase section */
		99595ABE194B5204009B8A0A /* Sources */ = {
			isa = PBXSourcesBuildPhase;
			buildActionMask = 2147483647;
			files = (
				99595AD2194B5204009B8A0A /* main.m in Sources */,
				99595AFC194B568D009B8A0A /* UBA_TechTableViewController.m in Sources */,
				99595AD6194B5204009B8A0A /* UBA_TechAppDelegate.m in Sources */,
			);
			runOnlyForDeploymentPostprocessing = 0;
		};
		99595ADF194B5204009B8A0A /* Sources */ = {
			isa = PBXSourcesBuildPhase;
			buildActionMask = 2147483647;
			files = (
				99595AF1194B5204009B8A0A /* UITableViewController_Challenge_SolutionTests.m in Sources */,
			);
			runOnlyForDeploymentPostprocessing = 0;
		};
/* End PBXSourcesBuildPhase section */

/* Begin PBXTargetDependency section */
		99595AE9194B5204009B8A0A /* PBXTargetDependency */ = {
			isa = PBXTargetDependency;
			target = 99595AC1194B5204009B8A0A /* UITableViewController Challenge Solution */;
			targetProxy = 99595AE8194B5204009B8A0A /* PBXContainerItemProxy */;
		};
/* End PBXTargetDependency section */

/* Begin PBXVariantGroup section */
		99595ACE194B5204009B8A0A /* InfoPlist.strings */ = {
			isa = PBXVariantGroup;
			children = (
				99595ACF194B5204009B8A0A /* en */,
			);
			name = InfoPlist.strings;
			sourceTree = "<group>";
		};
		99595AD7194B5204009B8A0A /* Main.storyboard */ = {
			isa = PBXVariantGroup;
			children = (
				99595AD8194B5204009B8A0A /* Base */,
			);
			name = Main.storyboard;
			sourceTree = "<group>";
		};
		99595AED194B5204009B8A0A /* InfoPlist.strings */ = {
			isa = PBXVariantGroup;
			children = (
				99595AEE194B5204009B8A0A /* en */,
			);
			name = InfoPlist.strings;
			sourceTree = "<group>";
		};
/* End PBXVariantGroup section */

/* Begin XCBuildConfiguration section */
		99595AF2194B5204009B8A0A /* Debug */ = {
			isa = XCBuildConfiguration;
			buildSettings = {
				ALWAYS_SEARCH_USER_PATHS = NO;
				CLANG_CXX_LANGUAGE_STANDARD = "gnu++0x";
				CLANG_CXX_LIBRARY = "libc++";
				CLANG_ENABLE_MODULES = YES;
				CLANG_ENABLE_OBJC_ARC = YES;
				CLANG_WARN_BOOL_CONVERSION = YES;
				CLANG_WARN_CONSTANT_CONVERSION = YES;
				CLANG_WARN_DIRECT_OBJC_ISA_USAGE = YES_ERROR;
				CLANG_WARN_EMPTY_BODY = YES;
				CLANG_WARN_ENUM_CONVERSION = YES;
				CLANG_WARN_INT_CONVERSION = YES;
				CLANG_WARN_OBJC_ROOT_CLASS = YES_ERROR;
				CLANG_WARN__DUPLICATE_METHOD_MATCH = YES;
				"CODE_SIGN_IDENTITY[sdk=iphoneos*]" = "iPhone Developer";
				COPY_PHASE_STRIP = NO;
				GCC_C_LANGUAGE_STANDARD = gnu99;
				GCC_DYNAMIC_NO_PIC = NO;
				GCC_OPTIMIZATION_LEVEL = 0;
				GCC_PREPROCESSOR_DEFINITIONS = (
					"DEBUG=1",
					"$(inherited)",
				);
				GCC_SYMBOLS_PRIVATE_EXTERN = NO;
				GCC_WARN_64_TO_32_BIT_CONVERSION = YES;
				GCC_WARN_ABOUT_RETURN_TYPE = YES_ERROR;
				GCC_WARN_UNDECLARED_SELECTOR = YES;
				GCC_WARN_UNINITIALIZED_AUTOS = YES_AGGRESSIVE;
				GCC_WARN_UNUSED_FUNCTION = YES;
				GCC_WARN_UNUSED_VARIABLE = YES;
				IPHONEOS_DEPLOYMENT_TARGET = 7.1;
				ONLY_ACTIVE_ARCH = YES;
				SDKROOT = iphoneos;
			};
			name = Debug;
		};
		99595AF3194B5204009B8A0A /* Release */ = {
			isa = XCBuildConfiguration;
			buildSettings = {
				ALWAYS_SEARCH_USER_PATHS = NO;
				CLANG_CXX_LANGUAGE_STANDARD = "gnu++0x";
				CLANG_CXX_LIBRARY = "libc++";
				CLANG_ENABLE_MODULES = YES;
				CLANG_ENABLE_OBJC_ARC = YES;
				CLANG_WARN_BOOL_CONVERSION = YES;
				CLANG_WARN_CONSTANT_CONVERSION = YES;
				CLANG_WARN_DIRECT_OBJC_ISA_USAGE = YES_ERROR;
				CLANG_WARN_EMPTY_BODY = YES;
				CLANG_WARN_ENUM_CONVERSION = YES;
				CLANG_WARN_INT_CONVERSION = YES;
				CLANG_WARN_OBJC_ROOT_CLASS = YES_ERROR;
				CLANG_WARN__DUPLICATE_METHOD_MATCH = YES;
				"CODE_SIGN_IDENTITY[sdk=iphoneos*]" = "iPhone Developer";
				COPY_PHASE_STRIP = YES;
				ENABLE_NS_ASSERTIONS = NO;
				GCC_C_LANGUAGE_STANDARD = gnu99;
				GCC_WARN_64_TO_32_BIT_CONVERSION = YES;
				GCC_WARN_ABOUT_RETURN_TYPE = YES_ERROR;
				GCC_WARN_UNDECLARED_SELECTOR = YES;
				GCC_WARN_UNINITIALIZED_AUTOS = YES_AGGRESSIVE;
				GCC_WARN_UNUSED_FUNCTION = YES;
				GCC_WARN_UNUSED_VARIABLE = YES;
				IPHONEOS_DEPLOYMENT_TARGET = 7.1;
				SDKROOT = iphoneos;
				VALIDATE_PRODUCT = YES;
			};
			name = Release;
		};
		99595AF5194B5204009B8A0A /* Debug */ = {
			isa = XCBuildConfiguration;
			buildSettings = {
				ASSETCATALOG_COMPILER_APPICON_NAME = AppIcon;
				ASSETCATALOG_COMPILER_LAUNCHIMAGE_NAME = LaunchImage;
				GCC_PRECOMPILE_PREFIX_HEADER = YES;
				GCC_PREFIX_HEADER = "UITableViewController Challenge Solution/UITableViewController Challenge Solution-Prefix.pch";
				INFOPLIST_FILE = "UITableViewController Challenge Solution/UITableViewController Challenge Solution-Info.plist";
				PRODUCT_NAME = "$(TARGET_NAME)";
				WRAPPER_EXTENSION = app;
			};
			name = Debug;
		};
		99595AF6194B5204009B8A0A /* Release */ = {
			isa = XCBuildConfiguration;
			buildSettings = {
				ASSETCATALOG_COMPILER_APPICON_NAME = AppIcon;
				ASSETCATALOG_COMPILER_LAUNCHIMAGE_NAME = LaunchImage;
				GCC_PRECOMPILE_PREFIX_HEADER = YES;
				GCC_PREFIX_HEADER = "UITableViewController Challenge Solution/UITableViewController Challenge Solution-Prefix.pch";
				INFOPLIST_FILE = "UITableViewController Challenge Solution/UITableViewController Challenge Solution-Info.plist";
				PRODUCT_NAME = "$(TARGET_NAME)";
				WRAPPER_EXTENSION = app;
			};
			name = Release;
		};
		99595AF8194B5204009B8A0A /* Debug */ = {
			isa = XCBuildConfiguration;
			buildSettings = {
				BUNDLE_LOADER = "$(BUILT_PRODUCTS_DIR)/UITableViewController Challenge Solution.app/UITableViewController Challenge Solution";
				FRAMEWORK_SEARCH_PATHS = (
					"$(SDKROOT)/Developer/Library/Frameworks",
					"$(inherited)",
					"$(DEVELOPER_FRAMEWORKS_DIR)",
				);
				GCC_PRECOMPILE_PREFIX_HEADER = YES;
				GCC_PREFIX_HEADER = "UITableViewController Challenge Solution/UITableViewController Challenge Solution-Prefix.pch";
				GCC_PREPROCESSOR_DEFINITIONS = (
					"DEBUG=1",
					"$(inherited)",
				);
				INFOPLIST_FILE = "UITableViewController Challenge SolutionTests/UITableViewController Challenge SolutionTests-Info.plist";
				PRODUCT_NAME = "$(TARGET_NAME)";
				TEST_HOST = "$(BUNDLE_LOADER)";
				WRAPPER_EXTENSION = xctest;
			};
			name = Debug;
		};
		99595AF9194B5204009B8A0A /* Release */ = {
			isa = XCBuildConfiguration;
			buildSettings = {
				BUNDLE_LOADER = "$(BUILT_PRODUCTS_DIR)/UITableViewController Challenge Solution.app/UITableViewController Challenge Solution";
				FRAMEWORK_SEARCH_PATHS = (
					"$(SDKROOT)/Developer/Library/Frameworks",
					"$(inherited)",
					"$(DEVELOPER_FRAMEWORKS_DIR)",
				);
				GCC_PRECOMPILE_PREFIX_HEADER = YES;
				GCC_PREFIX_HEADER = "UITableViewController Challenge Solution/UITableViewController Challenge Solution-Prefix.pch";
				INFOPLIST_FILE = "UITableViewController Challenge SolutionTests/UITableViewController Challenge SolutionTests-Info.plist";
				PRODUCT_NAME = "$(TARGET_NAME)";
				TEST_HOST = "$(BUNDLE_LOADER)";
				WRAPPER_EXTENSION = xctest;
			};
			name = Release;
		};
/* End XCBuildConfiguration section */

/* Begin XCConfigurationList section */
		99595ABD194B5204009B8A0A /* Build configuration list for PBXProject "UITableViewController Challenge Solution" */ = {
			isa = XCConfigurationList;
			buildConfigurations = (
				99595AF2194B5204009B8A0A /* Debug */,
				99595AF3194B5204009B8A0A /* Release */,
			);
			defaultConfigurationIsVisible = 0;
			defaultConfigurationName = Release;
		};
		99595AF4194B5204009B8A0A /* Build configuration list for PBXNativeTarget "UITableViewController Challenge Solution" */ = {
			isa = XCConfigurationList;
			buildConfigurations = (
				99595AF5194B5204009B8A0A /* Debug */,
				99595AF6194B5204009B8A0A /* Release */,
			);
			defaultConfigurationIsVisible = 0;
		};
		99595AF7194B5204009B8A0A /* Build configuration list for PBXNativeTarget "UITableViewController Challenge SolutionTests" */ = {
			isa = XCConfigurationList;
			buildConfigurations = (
				99595AF8194B5204009B8A0A /* Debug */,
				99595AF9194B5204009B8A0A /* Release */,
			);
			defaultConfigurationIsVisible = 0;
		};
/* End XCConfigurationList section */
	};
	rootObject = 99595ABA194B5204009B8A0A /* Project object */;
}
